{
  "nodes": {
    "flake-utils": {
      "locked": {
        "lastModified": 1601282935,
        "narHash": "sha256-WQAFV6sGGQxrRs3a+/Yj9xUYvhTpukQJIcMbIi7LCJ4=",
        "owner": "numtide",
        "repo": "flake-utils",
        "rev": "588973065fce51f4763287f0fda87a174d78bf48",
        "type": "github"
      },
      "original": {
        "owner": "numtide",
        "repo": "flake-utils",
        "type": "github"
      }
    },
    "haskellNix": {
      "locked": {
        "lastModified": 1608220629,
        "narHash": "sha256-IjGAQoKirR6a7GWH10y2CgSLJupu6AMdvw/gX0CfLFc=",
        "owner": "input-output-hk",
        "repo": "haskell.nix",
        "rev": "738af22ce95d9e3f1c9677045db441bca2acc472",
        "type": "github"
      },
      "original": {
        "owner": "input-output-hk",
        "ref": "master",
        "repo": "haskell.nix",
        "type": "github"
      }
    },
    "nixpkgs": {
      "locked": {
        "lastModified": 1603176674,
        "narHash": "sha256-r9vgYYqL1HfhMaVJX3b0rBoKHsc4FSSVnWArevM1Nss=",
        "owner": "NixOS",
        "repo": "nixpkgs",
        "rev": "05334ad78526ead39af85f846515606d9f052a11",
        "type": "github"
      },
      "original": {
        "owner": "NixOS",
        "ref": "nixos-20.09",
        "repo": "nixpkgs",
        "type": "github"
      }
    },
    "root": {
      "inputs": {
        "flake-utils": "flake-utils",
        "haskellNix": "haskellNix",
        "nixpkgs": "nixpkgs"
      }
    }
  },
  "root": "root",
  "version": 7
}
